
Microsoft Visual Studio Solution File, Format Version 12.00
# Visual Studio Version 17
VisualStudioVersion = 17.2.32519.379
MinimumVisualStudioVersion = 10.0.40219.1
Project("{FAE04EC0-301F-11D3-BF4B-00C04F79EFBC}") = "Rekod.Android", "Rekod\Rekod.Android\Rekod.Android.csproj", "{7F94E763-AC01-4EA0-96D2-1EAA414FEDDE}"
EndProject
Project("{FAE04EC0-301F-11D3-BF4B-00C04F79EFBC}") = "Rekod", "Rekod\Rekod\Rekod.csproj", "{348A4E25-CBFD-42C8-B1E4-210865707C31}"
EndProject
Global
	GlobalSection(SolutionConfigurationPlatforms) = preSolution
		Debug|Any CPU = Debug|Any CPU
		Release|Any CPU = Release|Any CPU
	EndGlobalSection
	GlobalSection(ProjectConfigurationPlatforms) = postSolution
		{7F94E763-AC01-4EA0-96D2-1EAA414FEDDE}.Debug|Any CPU.ActiveCfg = Debug|Any CPU
		{7F94E763-AC01-4EA0-96D2-1EAA414FEDDE}.Debug|Any CPU.Build.0 = Debug|Any CPU
		{7F94E763-AC01-4EA0-96D2-1EAA414FEDDE}.Debug|Any CPU.Deploy.0 = Debug|Any CPU
		{7F94E763-AC01-4EA0-96D2-1EAA414FEDDE}.Release|Any CPU.ActiveCfg = Release|Any CPU
		{7F94E763-AC01-4EA0-96D2-1EAA414FEDDE}.Release|Any CPU.Build.0 = Release|Any CPU
		{7F94E763-AC01-4EA0-96D2-1EAA414FEDDE}.Release|Any CPU.Deploy.0 = Release|Any CPU
		{348A4E25-CBFD-42C8-B1E4-210865707C31}.Debug|Any CPU.ActiveCfg = Debug|Any CPU
		{348A4E25-CBFD-42C8-B1E4-210865707C31}.Debug|Any CPU.Build.0 = Debug|Any CPU
		{348A4E25-CBFD-42C8-B1E4-210865707C31}.Debug|Any CPU.Deploy.0 = Debug|Any CPU
		{348A4E25-CBFD-42C8-B1E4-210865707C31}.Release|Any CPU.ActiveCfg = Release|Any CPU
		{348A4E25-CBFD-42C8-B1E4-210865707C31}.Release|Any CPU.Build.0 = Release|Any CPU
		{348A4E25-CBFD-42C8-B1E4-210865707C31}.Release|Any CPU.Deploy.0 = Release|Any CPU
	EndGlobalSection
	GlobalSection(SolutionProperties) = preSolution
		HideSolutionNode = FALSE
	EndGlobalSection
	GlobalSection(ExtensibilityGlobals) = postSolution
		SolutionGuid = {10A17F8E-C2E1-4B39-915D-20B1A61244B4}
	EndGlobalSection
EndGlobal
